
Microsoft Visual Studio Solution File, Format Version 12.00
# Visual Studio Version 16
VisualStudioVersion = 16.0.30611.23
MinimumVisualStudioVersion = 10.0.40219.1
Project("{FAE04EC0-301F-11D3-BF4B-00C04F79EFBC}") = "Diseño reproductor de musica", "Diseño reproductor de musica\Diseño reproductor de musica.csproj", "{4700624F-9408-467C-A936-C7FB7AAA723E}"
EndProject
Global
	GlobalSection(SolutionConfigurationPlatforms) = preSolution
		Debug|Any CPU = Debug|Any CPU
		Release|Any CPU = Release|Any CPU
	EndGlobalSection
	GlobalSection(ProjectConfigurationPlatforms) = postSolution
		{4700624F-9408-467C-A936-C7FB7AAA723E}.Debug|Any CPU.ActiveCfg = Debug|Any CPU
		{4700624F-9408-467C-A936-C7FB7AAA723E}.Debug|Any CPU.Build.0 = Debug|Any CPU
		{4700624F-9408-467C-A936-C7FB7AAA723E}.Release|Any CPU.ActiveCfg = Release|Any CPU
		{4700624F-9408-467C-A936-C7FB7AAA723E}.Release|Any CPU.Build.0 = Release|Any CPU
	EndGlobalSection
	GlobalSection(SolutionProperties) = preSolution
		HideSolutionNode = FALSE
	EndGlobalSection
	GlobalSection(ExtensibilityGlobals) = postSolution
		SolutionGuid = {B02A7A91-726A-41EC-BA45-00650EAB0E46}
	EndGlobalSection
EndGlobal
