
Microsoft Visual Studio Solution File, Format Version 12.00
# Visual Studio Version 16
VisualStudioVersion = 16.0.30128.74
MinimumVisualStudioVersion = 10.0.40219.1
Project("{FAE04EC0-301F-11D3-BF4B-00C04F79EFBC}") = "ListCorrection Isaac Haro", "ListCorrection Isaac Haro\ListCorrection Isaac Haro.csproj", "{3B7F5CB2-D4DE-45D1-8D4C-FBE2D52B5A92}"
EndProject
Global
	GlobalSection(SolutionConfigurationPlatforms) = preSolution
		Debug|Any CPU = Debug|Any CPU
		Release|Any CPU = Release|Any CPU
	EndGlobalSection
	GlobalSection(ProjectConfigurationPlatforms) = postSolution
		{3B7F5CB2-D4DE-45D1-8D4C-FBE2D52B5A92}.Debug|Any CPU.ActiveCfg = Debug|Any CPU
		{3B7F5CB2-D4DE-45D1-8D4C-FBE2D52B5A92}.Debug|Any CPU.Build.0 = Debug|Any CPU
		{3B7F5CB2-D4DE-45D1-8D4C-FBE2D52B5A92}.Release|Any CPU.ActiveCfg = Release|Any CPU
		{3B7F5CB2-D4DE-45D1-8D4C-FBE2D52B5A92}.Release|Any CPU.Build.0 = Release|Any CPU
	EndGlobalSection
	GlobalSection(SolutionProperties) = preSolution
		HideSolutionNode = FALSE
	EndGlobalSection
	GlobalSection(ExtensibilityGlobals) = postSolution
		SolutionGuid = {433F1CAA-C90B-4576-A6B9-7D2D45B3DC36}
	EndGlobalSection
EndGlobal
