
Microsoft Visual Studio Solution File, Format Version 12.00
# Visual Studio Version 16
VisualStudioVersion = 16.0.30128.74
MinimumVisualStudioVersion = 10.0.40219.1
Project("{FAE04EC0-301F-11D3-BF4B-00C04F79EFBC}") = "Listas Ing Cura", "Listas Ing Cura\Listas Ing Cura.csproj", "{38CB8617-B46F-4229-B40F-BCDF85D8DC1B}"
EndProject
Global
	GlobalSection(SolutionConfigurationPlatforms) = preSolution
		Debug|Any CPU = Debug|Any CPU
		Release|Any CPU = Release|Any CPU
	EndGlobalSection
	GlobalSection(ProjectConfigurationPlatforms) = postSolution
		{38CB8617-B46F-4229-B40F-BCDF85D8DC1B}.Debug|Any CPU.ActiveCfg = Debug|Any CPU
		{38CB8617-B46F-4229-B40F-BCDF85D8DC1B}.Debug|Any CPU.Build.0 = Debug|Any CPU
		{38CB8617-B46F-4229-B40F-BCDF85D8DC1B}.Release|Any CPU.ActiveCfg = Release|Any CPU
		{38CB8617-B46F-4229-B40F-BCDF85D8DC1B}.Release|Any CPU.Build.0 = Release|Any CPU
	EndGlobalSection
	GlobalSection(SolutionProperties) = preSolution
		HideSolutionNode = FALSE
	EndGlobalSection
	GlobalSection(ExtensibilityGlobals) = postSolution
		SolutionGuid = {D4DBBFD2-4802-4660-A7BA-51B42420A129}
	EndGlobalSection
EndGlobal
