
Microsoft Visual Studio Solution File, Format Version 12.00
# Visual Studio Version 16
VisualStudioVersion = 16.0.30128.74
MinimumVisualStudioVersion = 10.0.40219.1
Project("{FAE04EC0-301F-11D3-BF4B-00C04F79EFBC}") = "Rational poo Haro Isaac", "Rational poo Haro Isaac\Rational poo Haro Isaac.csproj", "{CEFF1F52-BC7C-47E8-871D-4FDBAD64CBA8}"
EndProject
Global
	GlobalSection(SolutionConfigurationPlatforms) = preSolution
		Debug|Any CPU = Debug|Any CPU
		Release|Any CPU = Release|Any CPU
	EndGlobalSection
	GlobalSection(ProjectConfigurationPlatforms) = postSolution
		{CEFF1F52-BC7C-47E8-871D-4FDBAD64CBA8}.Debug|Any CPU.ActiveCfg = Debug|Any CPU
		{CEFF1F52-BC7C-47E8-871D-4FDBAD64CBA8}.Debug|Any CPU.Build.0 = Debug|Any CPU
		{CEFF1F52-BC7C-47E8-871D-4FDBAD64CBA8}.Release|Any CPU.ActiveCfg = Release|Any CPU
		{CEFF1F52-BC7C-47E8-871D-4FDBAD64CBA8}.Release|Any CPU.Build.0 = Release|Any CPU
	EndGlobalSection
	GlobalSection(SolutionProperties) = preSolution
		HideSolutionNode = FALSE
	EndGlobalSection
	GlobalSection(ExtensibilityGlobals) = postSolution
		SolutionGuid = {BD441EB3-11E2-4938-A772-6C0BCE9EB289}
	EndGlobalSection
EndGlobal
