
Microsoft Visual Studio Solution File, Format Version 12.00
# Visual Studio Version 16
VisualStudioVersion = 16.0.30611.23
MinimumVisualStudioVersion = 10.0.40219.1
Project("{FAE04EC0-301F-11D3-BF4B-00C04F79EFBC}") = "Deber Busqueda Binaria", "Deber Busqueda Binaria\Deber Busqueda Binaria.csproj", "{1562BB41-E5B2-468D-A446-253B390E6BD7}"
EndProject
Global
	GlobalSection(SolutionConfigurationPlatforms) = preSolution
		Debug|Any CPU = Debug|Any CPU
		Release|Any CPU = Release|Any CPU
	EndGlobalSection
	GlobalSection(ProjectConfigurationPlatforms) = postSolution
		{1562BB41-E5B2-468D-A446-253B390E6BD7}.Debug|Any CPU.ActiveCfg = Debug|Any CPU
		{1562BB41-E5B2-468D-A446-253B390E6BD7}.Debug|Any CPU.Build.0 = Debug|Any CPU
		{1562BB41-E5B2-468D-A446-253B390E6BD7}.Release|Any CPU.ActiveCfg = Release|Any CPU
		{1562BB41-E5B2-468D-A446-253B390E6BD7}.Release|Any CPU.Build.0 = Release|Any CPU
	EndGlobalSection
	GlobalSection(SolutionProperties) = preSolution
		HideSolutionNode = FALSE
	EndGlobalSection
	GlobalSection(ExtensibilityGlobals) = postSolution
		SolutionGuid = {8916916F-74BB-4E43-A0D1-11C50D9D5854}
	EndGlobalSection
EndGlobal
