
Microsoft Visual Studio Solution File, Format Version 12.00
# Visual Studio Version 16
VisualStudioVersion = 16.0.30611.23
MinimumVisualStudioVersion = 10.0.40219.1
Project("{FAE04EC0-301F-11D3-BF4B-00C04F79EFBC}") = "examen 3er parcial", "examen 3er parcial\examen 3er parcial.csproj", "{00783151-3290-4341-B51D-13AFACD84D34}"
EndProject
Global
	GlobalSection(SolutionConfigurationPlatforms) = preSolution
		Debug|Any CPU = Debug|Any CPU
		Release|Any CPU = Release|Any CPU
	EndGlobalSection
	GlobalSection(ProjectConfigurationPlatforms) = postSolution
		{00783151-3290-4341-B51D-13AFACD84D34}.Debug|Any CPU.ActiveCfg = Debug|Any CPU
		{00783151-3290-4341-B51D-13AFACD84D34}.Debug|Any CPU.Build.0 = Debug|Any CPU
		{00783151-3290-4341-B51D-13AFACD84D34}.Release|Any CPU.ActiveCfg = Release|Any CPU
		{00783151-3290-4341-B51D-13AFACD84D34}.Release|Any CPU.Build.0 = Release|Any CPU
	EndGlobalSection
	GlobalSection(SolutionProperties) = preSolution
		HideSolutionNode = FALSE
	EndGlobalSection
	GlobalSection(ExtensibilityGlobals) = postSolution
		SolutionGuid = {48E082FB-BEAF-4BAF-A483-A6F8FC5CB86D}
	EndGlobalSection
EndGlobal
