
Microsoft Visual Studio Solution File, Format Version 12.00
# Visual Studio Version 16
VisualStudioVersion = 16.0.30611.23
MinimumVisualStudioVersion = 10.0.40219.1
Project("{FAE04EC0-301F-11D3-BF4B-00C04F79EFBC}") = "Arboles Binarios Deber", "Arboles Binarios Deber\Arboles Binarios Deber.csproj", "{6F901798-A74B-4E69-96E4-090EEC06CC3F}"
EndProject
Global
	GlobalSection(SolutionConfigurationPlatforms) = preSolution
		Debug|Any CPU = Debug|Any CPU
		Release|Any CPU = Release|Any CPU
	EndGlobalSection
	GlobalSection(ProjectConfigurationPlatforms) = postSolution
		{6F901798-A74B-4E69-96E4-090EEC06CC3F}.Debug|Any CPU.ActiveCfg = Debug|Any CPU
		{6F901798-A74B-4E69-96E4-090EEC06CC3F}.Debug|Any CPU.Build.0 = Debug|Any CPU
		{6F901798-A74B-4E69-96E4-090EEC06CC3F}.Release|Any CPU.ActiveCfg = Release|Any CPU
		{6F901798-A74B-4E69-96E4-090EEC06CC3F}.Release|Any CPU.Build.0 = Release|Any CPU
	EndGlobalSection
	GlobalSection(SolutionProperties) = preSolution
		HideSolutionNode = FALSE
	EndGlobalSection
	GlobalSection(ExtensibilityGlobals) = postSolution
		SolutionGuid = {5C8B13F6-9062-4019-BACF-2CBFC8E64266}
	EndGlobalSection
EndGlobal
