
Microsoft Visual Studio Solution File, Format Version 12.00
# Visual Studio Version 16
VisualStudioVersion = 16.0.30611.23
MinimumVisualStudioVersion = 10.0.40219.1
Project("{FAE04EC0-301F-11D3-BF4B-00C04F79EFBC}") = "Deber Torres de Hanoi Recursividad", "Deber Torres de Hanoi Recursividad\Deber Torres de Hanoi Recursividad.csproj", "{CC768152-418B-429F-8220-A39A2F75E77D}"
EndProject
Global
	GlobalSection(SolutionConfigurationPlatforms) = preSolution
		Debug|Any CPU = Debug|Any CPU
		Release|Any CPU = Release|Any CPU
	EndGlobalSection
	GlobalSection(ProjectConfigurationPlatforms) = postSolution
		{CC768152-418B-429F-8220-A39A2F75E77D}.Debug|Any CPU.ActiveCfg = Debug|Any CPU
		{CC768152-418B-429F-8220-A39A2F75E77D}.Debug|Any CPU.Build.0 = Debug|Any CPU
		{CC768152-418B-429F-8220-A39A2F75E77D}.Release|Any CPU.ActiveCfg = Release|Any CPU
		{CC768152-418B-429F-8220-A39A2F75E77D}.Release|Any CPU.Build.0 = Release|Any CPU
	EndGlobalSection
	GlobalSection(SolutionProperties) = preSolution
		HideSolutionNode = FALSE
	EndGlobalSection
	GlobalSection(ExtensibilityGlobals) = postSolution
		SolutionGuid = {CADE610D-D3BB-4F32-8024-C8511BFC58DD}
	EndGlobalSection
EndGlobal
